
Microsoft Visual Studio Solution File, Format Version 12.00
# Visual Studio Version 16
VisualStudioVersion = 16.0.30621.155
MinimumVisualStudioVersion = 10.0.40219.1
Project("{FAE04EC0-301F-11D3-BF4B-00C04F79EFBC}") = "Picker.Android", "Picker\Picker.Android\Picker.Android.csproj", "{A082016D-67BE-4E71-8E7E-AF33EE63997C}"
EndProject
Project("{FAE04EC0-301F-11D3-BF4B-00C04F79EFBC}") = "Picker", "Picker\Picker\Picker.csproj", "{9163D67C-C3D6-41AA-B3EC-335559CCDB9F}"
EndProject
Global
	GlobalSection(SolutionConfigurationPlatforms) = preSolution
		Debug|Any CPU = Debug|Any CPU
		Release|Any CPU = Release|Any CPU
	EndGlobalSection
	GlobalSection(ProjectConfigurationPlatforms) = postSolution
		{A082016D-67BE-4E71-8E7E-AF33EE63997C}.Debug|Any CPU.ActiveCfg = Debug|Any CPU
		{A082016D-67BE-4E71-8E7E-AF33EE63997C}.Debug|Any CPU.Build.0 = Debug|Any CPU
		{A082016D-67BE-4E71-8E7E-AF33EE63997C}.Debug|Any CPU.Deploy.0 = Debug|Any CPU
		{A082016D-67BE-4E71-8E7E-AF33EE63997C}.Release|Any CPU.ActiveCfg = Release|Any CPU
		{A082016D-67BE-4E71-8E7E-AF33EE63997C}.Release|Any CPU.Build.0 = Release|Any CPU
		{A082016D-67BE-4E71-8E7E-AF33EE63997C}.Release|Any CPU.Deploy.0 = Release|Any CPU
		{9163D67C-C3D6-41AA-B3EC-335559CCDB9F}.Debug|Any CPU.ActiveCfg = Debug|Any CPU
		{9163D67C-C3D6-41AA-B3EC-335559CCDB9F}.Debug|Any CPU.Build.0 = Debug|Any CPU
		{9163D67C-C3D6-41AA-B3EC-335559CCDB9F}.Debug|Any CPU.Deploy.0 = Debug|Any CPU
		{9163D67C-C3D6-41AA-B3EC-335559CCDB9F}.Release|Any CPU.ActiveCfg = Release|Any CPU
		{9163D67C-C3D6-41AA-B3EC-335559CCDB9F}.Release|Any CPU.Build.0 = Release|Any CPU
		{9163D67C-C3D6-41AA-B3EC-335559CCDB9F}.Release|Any CPU.Deploy.0 = Release|Any CPU
	EndGlobalSection
	GlobalSection(SolutionProperties) = preSolution
		HideSolutionNode = FALSE
	EndGlobalSection
	GlobalSection(ExtensibilityGlobals) = postSolution
		SolutionGuid = {19143BA2-F05E-453F-989A-4A43352AC6F1}
	EndGlobalSection
EndGlobal
